{
  "name": "smollm2-135M",
  "lockfileVersion": 3,
  "requires": true,
  "packages": {
    "": {
      "dependencies": {
        "@bloxdjs/schematic": "^0.1.4",
        "@types/node": "^26.5.1"
      }
    },
    "node_modules/@bloxdjs/schematic": {
      "version": "0.1.4",
      "resolved": "https://npm.flatt.tech/@bloxdjs/schematic/-/schematic-0.1.4.tgz",
      "integrity": "sha512-VfhrDnXm33OaLelZOvQ3TrPuEdQSR1Aw7mK8jPP4oM+8Npprq8QtIlTl5tUHwRWOtErohmKC1aojsxNwxp6rmA==",
      "dependencies": {
        "avsc": "^5.7.9"
      }
    },
    "node_modules/@types/node": {
      "version": "26.5.1",
      "resolved": "https://npm.flatt.tech/@types/node/-/node-26.5.1.tgz",
      "integrity": "sha512-CzNm2FezW4VR/LjG6yUdiEgLE/rAQ9Slj5gCu/C2VrdcW7I0ahNZ8DRbHT7zOZ6r3ONgd/bsQIeSaoDGrd1C6g==",
      "license": "MIT",
      "dependencies": {
        "undici-types": "~8.9.0"
      }
    },
    "node_modules/avsc": {
      "version": "5.7.9",
      "resolved": "https://npm.flatt.tech/avsc/-/avsc-5.7.9.tgz",
      "integrity": "sha512-yOA4wFeI7ET3v32Di/sUybQ+ttP20JHSW3mxLuNGeO0uD6PPcvLrIQXSvy/rhJOWU5JrYh7U4OHplWMmtAtjMg==",
      "license": "MIT",
      "engines": {
        "node": ">=0.11"
      }
    },
    "node_modules/undici-types": {
      "version": "8.9.0",
      "resolved": "https://npm.flatt.tech/undici-types/-/undici-types-8.9.0.tgz",
      "integrity": "sha512-KTDyRTYX8sWmKXAikPHHSyc63CRPETMctyjKFupcC6OBLXT3xsN0e9aF7m+mIXutFWpUXuedtowG7iLOzp0kQg==",
      "license": "MIT"
    }
  }
}
